
Microsoft Visual Studio Solution File, Format Version 12.00
# Visual Studio Version 17
VisualStudioVersion = 17.3.32929.385
MinimumVisualStudioVersion = 10.0.40219.1
Project("{8BC9CEB8-8B4A-11D0-8D11-00A0C91BC942}") = "23.02.02", "23.02.02\23.02.02.vcxproj", "{D1DD6016-23C7-42D6-8D6D-B2444B7B8181}"
EndProject
Global
	GlobalSection(SolutionConfigurationPlatforms) = preSolution
		Debug|x64 = Debug|x64
		Debug|x86 = Debug|x86
		Release|x64 = Release|x64
		Release|x86 = Release|x86
	EndGlobalSection
	GlobalSection(ProjectConfigurationPlatforms) = postSolution
		{D1DD6016-23C7-42D6-8D6D-B2444B7B8181}.Debug|x64.ActiveCfg = Debug|x64
		{D1DD6016-23C7-42D6-8D6D-B2444B7B8181}.Debug|x64.Build.0 = Debug|x64
		{D1DD6016-23C7-42D6-8D6D-B2444B7B8181}.Debug|x86.ActiveCfg = Debug|Win32
		{D1DD6016-23C7-42D6-8D6D-B2444B7B8181}.Debug|x86.Build.0 = Debug|Win32
		{D1DD6016-23C7-42D6-8D6D-B2444B7B8181}.Release|x64.ActiveCfg = Release|x64
		{D1DD6016-23C7-42D6-8D6D-B2444B7B8181}.Release|x64.Build.0 = Release|x64
		{D1DD6016-23C7-42D6-8D6D-B2444B7B8181}.Release|x86.ActiveCfg = Release|Win32
		{D1DD6016-23C7-42D6-8D6D-B2444B7B8181}.Release|x86.Build.0 = Release|Win32
	EndGlobalSection
	GlobalSection(SolutionProperties) = preSolution
		HideSolutionNode = FALSE
	EndGlobalSection
	GlobalSection(ExtensibilityGlobals) = postSolution
		SolutionGuid = {9B2AB2BE-566C-4753-B371-65674001597D}
	EndGlobalSection
EndGlobal
